
Microsoft Visual Studio Solution File, Format Version 12.00
# Visual Studio Version 16
VisualStudioVersion = 16.0.33214.272
MinimumVisualStudioVersion = 10.0.40219.1
Project("{FAE04EC0-301F-11D3-BF4B-00C04F79EFBC}") = "ReferenceBook", "ReferenceBook\ReferenceBook.csproj", "{0F6AE4E0-EF02-4FE6-A4CD-31787EBC6DDD}"
EndProject
Global
	GlobalSection(SolutionConfigurationPlatforms) = preSolution
		Debug|Any CPU = Debug|Any CPU
		Release|Any CPU = Release|Any CPU
	EndGlobalSection
	GlobalSection(ProjectConfigurationPlatforms) = postSolution
		{0F6AE4E0-EF02-4FE6-A4CD-31787EBC6DDD}.Debug|Any CPU.ActiveCfg = Debug|Any CPU
		{0F6AE4E0-EF02-4FE6-A4CD-31787EBC6DDD}.Debug|Any CPU.Build.0 = Debug|Any CPU
		{0F6AE4E0-EF02-4FE6-A4CD-31787EBC6DDD}.Release|Any CPU.ActiveCfg = Release|Any CPU
		{0F6AE4E0-EF02-4FE6-A4CD-31787EBC6DDD}.Release|Any CPU.Build.0 = Release|Any CPU
	EndGlobalSection
	GlobalSection(SolutionProperties) = preSolution
		HideSolutionNode = FALSE
	EndGlobalSection
	GlobalSection(ExtensibilityGlobals) = postSolution
		SolutionGuid = {8824A34E-2B27-46FC-B088-630B5F0C5E70}
	EndGlobalSection
EndGlobal
